// !$*UTF8*$!
{
	archiveVersion = 1;
	classes = {
	};
	objectVersion = 56;
	objects = {

/* Begin PBXBuildFile section */
		C36ADBF32B8CC70D00A5D265 /* DescriptionViewModel.swift in Sources */ = {isa = PBXBuildFile; fileRef = C36ADBF22B8CC70D00A5D265 /* DescriptionViewModel.swift */; };
		C36ADBF82B8CD67700A5D265 /* noResult.png in Resources */ = {isa = PBXBuildFile; fileRef = C36ADBF72B8CD67700A5D265 /* noResult.png */; };
		C3CB02D12B8B6A6300E99A2F /* AppDelegate.swift in Sources */ = {isa = PBXBuildFile; fileRef = C3CB02D02B8B6A6300E99A2F /* AppDelegate.swift */; };
		C3CB02D32B8B6A6300E99A2F /* SceneDelegate.swift in Sources */ = {isa = PBXBuildFile; fileRef = C3CB02D22B8B6A6300E99A2F /* SceneDelegate.swift */; };
		C3CB02D52B8B6A6300E99A2F /* ViewController.swift in Sources */ = {isa = PBXBuildFile; fileRef = C3CB02D42B8B6A6300E99A2F /* ViewController.swift */; };
		C3CB02D82B8B6A6300E99A2F /* Main.storyboard in Resources */ = {isa = PBXBuildFile; fileRef = C3CB02D62B8B6A6300E99A2F /* Main.storyboard */; };
		C3CB02DA2B8B6A6400E99A2F /* Assets.xcassets in Resources */ = {isa = PBXBuildFile; fileRef = C3CB02D92B8B6A6400E99A2F /* Assets.xcassets */; };
		C3CB02DD2B8B6A6400E99A2F /* LaunchScreen.storyboard in Resources */ = {isa = PBXBuildFile; fileRef = C3CB02DB2B8B6A6400E99A2F /* LaunchScreen.storyboard */; };
		C3CB02EC2B8B6CD500E99A2F /* Alamofire in Frameworks */ = {isa = PBXBuildFile; productRef = C3CB02EB2B8B6CD500E99A2F /* Alamofire */; };
		C3CB02F32B8B6F1700E99A2F /* NetworkHelper.swift in Sources */ = {isa = PBXBuildFile; fileRef = C3CB02F22B8B6F1700E99A2F /* NetworkHelper.swift */; };
		C3CB02F52B8B6F1D00E99A2F /* NetworkManager.swift in Sources */ = {isa = PBXBuildFile; fileRef = C3CB02F42B8B6F1D00E99A2F /* NetworkManager.swift */; };
		C3CB02F72B8B778400E99A2F /* News.swift in Sources */ = {isa = PBXBuildFile; fileRef = C3CB02F62B8B778400E99A2F /* News.swift */; };
		C3CB02FB2B8B78C800E99A2F /* DescriptionViewController.swift in Sources */ = {isa = PBXBuildFile; fileRef = C3CB02FA2B8B78C800E99A2F /* DescriptionViewController.swift */; };
		C3CB02FD2B8B7D3400E99A2F /* HomeViewModel.swift in Sources */ = {isa = PBXBuildFile; fileRef = C3CB02FC2B8B7D3400E99A2F /* HomeViewModel.swift */; };
/* End PBXBuildFile section */

/* Begin PBXFileReference section */
		C36ADBF22B8CC70D00A5D265 /* DescriptionViewModel.swift */ = {isa = PBXFileReference; lastKnownFileType = sourcecode.swift; path = DescriptionViewModel.swift; sourceTree = "<group>"; };
		C36ADBF72B8CD67700A5D265 /* noResult.png */ = {isa = PBXFileReference; lastKnownFileType = image.png; path = noResult.png; sourceTree = "<group>"; };
		C3CB02CD2B8B6A6300E99A2F /* testCaseExample1.app */ = {isa = PBXFileReference; explicitFileType = wrapper.application; includeInIndex = 0; path = testCaseExample1.app; sourceTree = BUILT_PRODUCTS_DIR; };
		C3CB02D02B8B6A6300E99A2F /* AppDelegate.swift */ = {isa = PBXFileReference; lastKnownFileType = sourcecode.swift; path = AppDelegate.swift; sourceTree = "<group>"; };
		C3CB02D22B8B6A6300E99A2F /* SceneDelegate.swift */ = {isa = PBXFileReference; lastKnownFileType = sourcecode.swift; path = SceneDelegate.swift; sourceTree = "<group>"; };
		C3CB02D42B8B6A6300E99A2F /* ViewController.swift */ = {isa = PBXFileReference; lastKnownFileType = sourcecode.swift; path = ViewController.swift; sourceTree = "<group>"; };
		C3CB02D72B8B6A6300E99A2F /* Base */ = {isa = PBXFileReference; lastKnownFileType = file.storyboard; name = Base; path = Base.lproj/Main.storyboard; sourceTree = "<group>"; };
		C3CB02D92B8B6A6400E99A2F /* Assets.xcassets */ = {isa = PBXFileReference; lastKnownFileType = folder.assetcatalog; path = Assets.xcassets; sourceTree = "<group>"; };
		C3CB02DC2B8B6A6400E99A2F /* Base */ = {isa = PBXFileReference; lastKnownFileType = file.storyboard; name = Base; path = Base.lproj/LaunchScreen.storyboard; sourceTree = "<group>"; };
		C3CB02DE2B8B6A6400E99A2F /* Info.plist */ = {isa = PBXFileReference; lastKnownFileType = text.plist.xml; path = Info.plist; sourceTree = "<group>"; };
		C3CB02F22B8B6F1700E99A2F /* NetworkHelper.swift */ = {isa = PBXFileReference; lastKnownFileType = sourcecode.swift; path = NetworkHelper.swift; sourceTree = "<group>"; };
		C3CB02F42B8B6F1D00E99A2F /* NetworkManager.swift */ = {isa = PBXFileReference; lastKnownFileType = sourcecode.swift; path = NetworkManager.swift; sourceTree = "<group>"; };
		C3CB02F62B8B778400E99A2F /* News.swift */ = {isa = PBXFileReference; lastKnownFileType = sourcecode.swift; path = News.swift; sourceTree = "<group>"; };
		C3CB02FA2B8B78C800E99A2F /* DescriptionViewController.swift */ = {isa = PBXFileReference; lastKnownFileType = sourcecode.swift; path = DescriptionViewController.swift; sourceTree = "<group>"; };
		C3CB02FC2B8B7D3400E99A2F /* HomeViewModel.swift */ = {isa = PBXFileReference; lastKnownFileType = sourcecode.swift; path = HomeViewModel.swift; sourceTree = "<group>"; };
/* End PBXFileReference section */

/* Begin PBXFrameworksBuildPhase section */
		C3CB02CA2B8B6A6300E99A2F /* Frameworks */ = {
			isa = PBXFrameworksBuildPhase;
			buildActionMask = 2147483647;
			files = (
				C3CB02EC2B8B6CD500E99A2F /* Alamofire in Frameworks */,
			);
			runOnlyForDeploymentPostprocessing = 0;
		};
/* End PBXFrameworksBuildPhase section */

/* Begin PBXGroup section */
		C3CB02C42B8B6A6300E99A2F = {
			isa = PBXGroup;
			children = (
				C3CB02CF2B8B6A6300E99A2F /* testCaseExample1 */,
				C3CB02CE2B8B6A6300E99A2F /* Products */,
			);
			sourceTree = "<group>";
		};
		C3CB02CE2B8B6A6300E99A2F /* Products */ = {
			isa = PBXGroup;
			children = (
				C3CB02CD2B8B6A6300E99A2F /* testCaseExample1.app */,
			);
			name = Products;
			sourceTree = "<group>";
		};
		C3CB02CF2B8B6A6300E99A2F /* testCaseExample1 */ = {
			isa = PBXGroup;
			children = (
				C3CB02E92B8B6A9C00E99A2F /* Resource */,
				C3CB02E82B8B6A8C00E99A2F /* Delegate */,
				C3CB02E72B8B6A8800E99A2F /* NetworkLayer */,
				C3CB02E62B8B6A8400E99A2F /* Model */,
				C3CB02E52B8B6A7F00E99A2F /* View */,
				C3CB02E42B8B6A7400E99A2F /* ViewModel */,
				C3CB02D62B8B6A6300E99A2F /* Main.storyboard */,
				C3CB02DB2B8B6A6400E99A2F /* LaunchScreen.storyboard */,
				C3CB02DE2B8B6A6400E99A2F /* Info.plist */,
			);
			path = testCaseExample1;
			sourceTree = "<group>";
		};
		C3CB02E42B8B6A7400E99A2F /* ViewModel */ = {
			isa = PBXGroup;
			children = (
				C3CB02FC2B8B7D3400E99A2F /* HomeViewModel.swift */,
				C36ADBF22B8CC70D00A5D265 /* DescriptionViewModel.swift */,
			);
			path = ViewModel;
			sourceTree = "<group>";
		};
		C3CB02E52B8B6A7F00E99A2F /* View */ = {
			isa = PBXGroup;
			children = (
				C3CB02D42B8B6A6300E99A2F /* ViewController.swift */,
				C3CB02FA2B8B78C800E99A2F /* DescriptionViewController.swift */,
			);
			path = View;
			sourceTree = "<group>";
		};
		C3CB02E62B8B6A8400E99A2F /* Model */ = {
			isa = PBXGroup;
			children = (
				C3CB02F62B8B778400E99A2F /* News.swift */,
			);
			path = Model;
			sourceTree = "<group>";
		};
		C3CB02E72B8B6A8800E99A2F /* NetworkLayer */ = {
			isa = PBXGroup;
			children = (
				C3CB02F22B8B6F1700E99A2F /* NetworkHelper.swift */,
				C3CB02F42B8B6F1D00E99A2F /* NetworkManager.swift */,
			);
			path = NetworkLayer;
			sourceTree = "<group>";
		};
		C3CB02E82B8B6A8C00E99A2F /* Delegate */ = {
			isa = PBXGroup;
			children = (
				C3CB02D02B8B6A6300E99A2F /* AppDelegate.swift */,
				C3CB02D22B8B6A6300E99A2F /* SceneDelegate.swift */,
			);
			path = Delegate;
			sourceTree = "<group>";
		};
		C3CB02E92B8B6A9C00E99A2F /* Resource */ = {
			isa = PBXGroup;
			children = (
				C3CB02D92B8B6A6400E99A2F /* Assets.xcassets */,
				C36ADBF72B8CD67700A5D265 /* noResult.png */,
			);
			path = Resource;
			sourceTree = "<group>";
		};
/* End PBXGroup section */

/* Begin PBXNativeTarget section */
		C3CB02CC2B8B6A6300E99A2F /* testCaseExample1 */ = {
			isa = PBXNativeTarget;
			buildConfigurationList = C3CB02E12B8B6A6400E99A2F /* Build configuration list for PBXNativeTarget "testCaseExample1" */;
			buildPhases = (
				C3CB02C92B8B6A6300E99A2F /* Sources */,
				C3CB02CA2B8B6A6300E99A2F /* Frameworks */,
				C3CB02CB2B8B6A6300E99A2F /* Resources */,
			);
			buildRules = (
			);
			dependencies = (
			);
			name = testCaseExample1;
			packageProductDependencies = (
				C3CB02EB2B8B6CD500E99A2F /* Alamofire */,
			);
			productName = testCaseExample1;
			productReference = C3CB02CD2B8B6A6300E99A2F /* testCaseExample1.app */;
			productType = "com.apple.product-type.application";
		};
/* End PBXNativeTarget section */

/* Begin PBXProject section */
		C3CB02C52B8B6A6300E99A2F /* Project object */ = {
			isa = PBXProject;
			attributes = {
				BuildIndependentTargetsInParallel = 1;
				LastSwiftUpdateCheck = 1520;
				LastUpgradeCheck = 1520;
				TargetAttributes = {
					C3CB02CC2B8B6A6300E99A2F = {
						CreatedOnToolsVersion = 15.2;
					};
				};
			};
			buildConfigurationList = C3CB02C82B8B6A6300E99A2F /* Build configuration list for PBXProject "testCaseExample1" */;
			compatibilityVersion = "Xcode 14.0";
			developmentRegion = en;
			hasScannedForEncodings = 0;
			knownRegions = (
				en,
				Base,
			);
			mainGroup = C3CB02C42B8B6A6300E99A2F;
			packageReferences = (
				C3CB02EA2B8B6CD500E99A2F /* XCRemoteSwiftPackageReference "Alamofire" */,
			);
			productRefGroup = C3CB02CE2B8B6A6300E99A2F /* Products */;
			projectDirPath = "";
			projectRoot = "";
			targets = (
				C3CB02CC2B8B6A6300E99A2F /* testCaseExample1 */,
			);
		};
/* End PBXProject section */

/* Begin PBXResourcesBuildPhase section */
		C3CB02CB2B8B6A6300E99A2F /* Resources */ = {
			isa = PBXResourcesBuildPhase;
			buildActionMask = 2147483647;
			files = (
				C3CB02DD2B8B6A6400E99A2F /* LaunchScreen.storyboard in Resources */,
				C3CB02DA2B8B6A6400E99A2F /* Assets.xcassets in Resources */,
				C3CB02D82B8B6A6300E99A2F /* Main.storyboard in Resources */,
				C36ADBF82B8CD67700A5D265 /* noResult.png in Resources */,
			);
			runOnlyForDeploymentPostprocessing = 0;
		};
/* End PBXResourcesBuildPhase section */

/* Begin PBXSourcesBuildPhase section */
		C3CB02C92B8B6A6300E99A2F /* Sources */ = {
			isa = PBXSourcesBuildPhase;
			buildActionMask = 2147483647;
			files = (
				C3CB02F72B8B778400E99A2F /* News.swift in Sources */,
				C3CB02FB2B8B78C800E99A2F /* DescriptionViewController.swift in Sources */,
				C3CB02F32B8B6F1700E99A2F /* NetworkHelper.swift in Sources */,
				C3CB02FD2B8B7D3400E99A2F /* HomeViewModel.swift in Sources */,
				C3CB02D52B8B6A6300E99A2F /* ViewController.swift in Sources */,
				C36ADBF32B8CC70D00A5D265 /* DescriptionViewModel.swift in Sources */,
				C3CB02F52B8B6F1D00E99A2F /* NetworkManager.swift in Sources */,
				C3CB02D12B8B6A6300E99A2F /* AppDelegate.swift in Sources */,
				C3CB02D32B8B6A6300E99A2F /* SceneDelegate.swift in Sources */,
			);
			runOnlyForDeploymentPostprocessing = 0;
		};
/* End PBXSourcesBuildPhase section */

/* Begin PBXVariantGroup section */
		C3CB02D62B8B6A6300E99A2F /* Main.storyboard */ = {
			isa = PBXVariantGroup;
			children = (
				C3CB02D72B8B6A6300E99A2F /* Base */,
			);
			name = Main.storyboard;
			sourceTree = "<group>";
		};
		C3CB02DB2B8B6A6400E99A2F /* LaunchScreen.storyboard */ = {
			isa = PBXVariantGroup;
			children = (
				C3CB02DC2B8B6A6400E99A2F /* Base */,
			);
			name = LaunchScreen.storyboard;
			sourceTree = "<group>";
		};
/* End PBXVariantGroup section */

/* Begin XCBuildConfiguration section */
		C3CB02DF2B8B6A6400E99A2F /* Debug */ = {
			isa = XCBuildConfiguration;
			buildSettings = {
				ALWAYS_SEARCH_USER_PATHS = NO;
				ASSETCATALOG_COMPILER_GENERATE_SWIFT_ASSET_SYMBOL_EXTENSIONS = YES;
				CLANG_ANALYZER_NONNULL = YES;
				CLANG_ANALYZER_NUMBER_OBJECT_CONVERSION = YES_AGGRESSIVE;
				CLANG_CXX_LANGUAGE_STANDARD = "gnu++20";
				CLANG_ENABLE_MODULES = YES;
				CLANG_ENABLE_OBJC_ARC = YES;
				CLANG_ENABLE_OBJC_WEAK = YES;
				CLANG_WARN_BLOCK_CAPTURE_AUTORELEASING = YES;
				CLANG_WARN_BOOL_CONVERSION = YES;
				CLANG_WARN_COMMA = YES;
				CLANG_WARN_CONSTANT_CONVERSION = YES;
				CLANG_WARN_DEPRECATED_OBJC_IMPLEMENTATIONS = YES;
				CLANG_WARN_DIRECT_OBJC_ISA_USAGE = YES_ERROR;
				CLANG_WARN_DOCUMENTATION_COMMENTS = YES;
				CLANG_WARN_EMPTY_BODY = YES;
				CLANG_WARN_ENUM_CONVERSION = YES;
				CLANG_WARN_INFINITE_RECURSION = YES;
				CLANG_WARN_INT_CONVERSION = YES;
				CLANG_WARN_NON_LITERAL_NULL_CONVERSION = YES;
				CLANG_WARN_OBJC_IMPLICIT_RETAIN_SELF = YES;
				CLANG_WARN_OBJC_LITERAL_CONVERSION = YES;
				CLANG_WARN_OBJC_ROOT_CLASS = YES_ERROR;
				CLANG_WARN_QUOTED_INCLUDE_IN_FRAMEWORK_HEADER = YES;
				CLANG_WARN_RANGE_LOOP_ANALYSIS = YES;
				CLANG_WARN_STRICT_PROTOTYPES = YES;
				CLANG_WARN_SUSPICIOUS_MOVE = YES;
				CLANG_WARN_UNGUARDED_AVAILABILITY = YES_AGGRESSIVE;
				CLANG_WARN_UNREACHABLE_CODE = YES;
				CLANG_WARN__DUPLICATE_METHOD_MATCH = YES;
				COPY_PHASE_STRIP = NO;
				DEBUG_INFORMATION_FORMAT = dwarf;
				ENABLE_STRICT_OBJC_MSGSEND = YES;
				ENABLE_TESTABILITY = YES;
				ENABLE_USER_SCRIPT_SANDBOXING = YES;
				GCC_C_LANGUAGE_STANDARD = gnu17;
				GCC_DYNAMIC_NO_PIC = NO;
				GCC_NO_COMMON_BLOCKS = YES;
				GCC_OPTIMIZATION_LEVEL = 0;
				GCC_PREPROCESSOR_DEFINITIONS = (
					"DEBUG=1",
					"$(inherited)",
				);
				GCC_WARN_64_TO_32_BIT_CONVERSION = YES;
				GCC_WARN_ABOUT_RETURN_TYPE = YES_ERROR;
				GCC_WARN_UNDECLARED_SELECTOR = YES;
				GCC_WARN_UNINITIALIZED_AUTOS = YES_AGGRESSIVE;
				GCC_WARN_UNUSED_FUNCTION = YES;
				GCC_WARN_UNUSED_VARIABLE = YES;
				IPHONEOS_DEPLOYMENT_TARGET = 17.2;
				LOCALIZATION_PREFERS_STRING_CATALOGS = YES;
				MTL_ENABLE_DEBUG_INFO = INCLUDE_SOURCE;
				MTL_FAST_MATH = YES;
				ONLY_ACTIVE_ARCH = YES;
				SDKROOT = iphoneos;
				SWIFT_ACTIVE_COMPILATION_CONDITIONS = "DEBUG $(inherited)";
				SWIFT_OPTIMIZATION_LEVEL = "-Onone";
			};
			name = Debug;
		};
		C3CB02E02B8B6A6400E99A2F /* Release */ = {
			isa = XCBuildConfiguration;
			buildSettings = {
				ALWAYS_SEARCH_USER_PATHS = NO;
				ASSETCATALOG_COMPILER_GENERATE_SWIFT_ASSET_SYMBOL_EXTENSIONS = YES;
				CLANG_ANALYZER_NONNULL = YES;
				CLANG_ANALYZER_NUMBER_OBJECT_CONVERSION = YES_AGGRESSIVE;
				CLANG_CXX_LANGUAGE_STANDARD = "gnu++20";
				CLANG_ENABLE_MODULES = YES;
				CLANG_ENABLE_OBJC_ARC = YES;
				CLANG_ENABLE_OBJC_WEAK = YES;
				CLANG_WARN_BLOCK_CAPTURE_AUTORELEASING = YES;
				CLANG_WARN_BOOL_CONVERSION = YES;
				CLANG_WARN_COMMA = YES;
				CLANG_WARN_CONSTANT_CONVERSION = YES;
				CLANG_WARN_DEPRECATED_OBJC_IMPLEMENTATIONS = YES;
				CLANG_WARN_DIRECT_OBJC_ISA_USAGE = YES_ERROR;
				CLANG_WARN_DOCUMENTATION_COMMENTS = YES;
				CLANG_WARN_EMPTY_BODY = YES;
				CLANG_WARN_ENUM_CONVERSION = YES;
				CLANG_WARN_INFINITE_RECURSION = YES;
				CLANG_WARN_INT_CONVERSION = YES;
				CLANG_WARN_NON_LITERAL_NULL_CONVERSION = YES;
				CLANG_WARN_OBJC_IMPLICIT_RETAIN_SELF = YES;
				CLANG_WARN_OBJC_LITERAL_CONVERSION = YES;
				CLANG_WARN_OBJC_ROOT_CLASS = YES_ERROR;
				CLANG_WARN_QUOTED_INCLUDE_IN_FRAMEWORK_HEADER = YES;
				CLANG_WARN_RANGE_LOOP_ANALYSIS = YES;
				CLANG_WARN_STRICT_PROTOTYPES = YES;
				CLANG_WARN_SUSPICIOUS_MOVE = YES;
				CLANG_WARN_UNGUARDED_AVAILABILITY = YES_AGGRESSIVE;
				CLANG_WARN_UNREACHABLE_CODE = YES;
				CLANG_WARN__DUPLICATE_METHOD_MATCH = YES;
				COPY_PHASE_STRIP = NO;
				DEBUG_INFORMATION_FORMAT = "dwarf-with-dsym";
				ENABLE_NS_ASSERTIONS = NO;
				ENABLE_STRICT_OBJC_MSGSEND = YES;
				ENABLE_USER_SCRIPT_SANDBOXING = YES;
				GCC_C_LANGUAGE_STANDARD = gnu17;
				GCC_NO_COMMON_BLOCKS = YES;
				GCC_WARN_64_TO_32_BIT_CONVERSION = YES;
				GCC_WARN_ABOUT_RETURN_TYPE = YES_ERROR;
				GCC_WARN_UNDECLARED_SELECTOR = YES;
				GCC_WARN_UNINITIALIZED_AUTOS = YES_AGGRESSIVE;
				GCC_WARN_UNUSED_FUNCTION = YES;
				GCC_WARN_UNUSED_VARIABLE = YES;
				IPHONEOS_DEPLOYMENT_TARGET = 17.2;
				LOCALIZATION_PREFERS_STRING_CATALOGS = YES;
				MTL_ENABLE_DEBUG_INFO = NO;
				MTL_FAST_MATH = YES;
				SDKROOT = iphoneos;
				SWIFT_COMPILATION_MODE = wholemodule;
				VALIDATE_PRODUCT = YES;
			};
			name = Release;
		};
		C3CB02E22B8B6A6400E99A2F /* Debug */ = {
			isa = XCBuildConfiguration;
			buildSettings = {
				ASSETCATALOG_COMPILER_APPICON_NAME = AppIcon;
				ASSETCATALOG_COMPILER_GLOBAL_ACCENT_COLOR_NAME = AccentColor;
				CODE_SIGN_STYLE = Automatic;
				CURRENT_PROJECT_VERSION = 1;
				DEVELOPMENT_TEAM = US4P6S3B5V;
				GENERATE_INFOPLIST_FILE = YES;
				INFOPLIST_FILE = testCaseExample1/Info.plist;
				INFOPLIST_KEY_UIApplicationSupportsIndirectInputEvents = YES;
				INFOPLIST_KEY_UILaunchStoryboardName = LaunchScreen;
				INFOPLIST_KEY_UIMainStoryboardFile = Main;
				INFOPLIST_KEY_UISupportedInterfaceOrientations_iPad = "UIInterfaceOrientationPortrait UIInterfaceOrientationPortraitUpsideDown UIInterfaceOrientationLandscapeLeft UIInterfaceOrientationLandscapeRight";
				INFOPLIST_KEY_UISupportedInterfaceOrientations_iPhone = "UIInterfaceOrientationPortrait UIInterfaceOrientationLandscapeLeft UIInterfaceOrientationLandscapeRight";
				LD_RUNPATH_SEARCH_PATHS = (
					"$(inherited)",
					"@executable_path/Frameworks",
				);
				MARKETING_VERSION = 1.0;
				PRODUCT_BUNDLE_IDENTIFIER = com.emre.testCaseExample1;
				PRODUCT_NAME = "$(TARGET_NAME)";
				SWIFT_EMIT_LOC_STRINGS = YES;
				SWIFT_VERSION = 5.0;
				TARGETED_DEVICE_FAMILY = "1,2";
			};
			name = Debug;
		};
		C3CB02E32B8B6A6400E99A2F /* Release */ = {
			isa = XCBuildConfiguration;
			buildSettings = {
				ASSETCATALOG_COMPILER_APPICON_NAME = AppIcon;
				ASSETCATALOG_COMPILER_GLOBAL_ACCENT_COLOR_NAME = AccentColor;
				CODE_SIGN_STYLE = Automatic;
				CURRENT_PROJECT_VERSION = 1;
				DEVELOPMENT_TEAM = US4P6S3B5V;
				GENERATE_INFOPLIST_FILE = YES;
				INFOPLIST_FILE = testCaseExample1/Info.plist;
				INFOPLIST_KEY_UIApplicationSupportsIndirectInputEvents = YES;
				INFOPLIST_KEY_UILaunchStoryboardName = LaunchScreen;
				INFOPLIST_KEY_UIMainStoryboardFile = Main;
				INFOPLIST_KEY_UISupportedInterfaceOrientations_iPad = "UIInterfaceOrientationPortrait UIInterfaceOrientationPortraitUpsideDown UIInterfaceOrientationLandscapeLeft UIInterfaceOrientationLandscapeRight";
				INFOPLIST_KEY_UISupportedInterfaceOrientations_iPhone = "UIInterfaceOrientationPortrait UIInterfaceOrientationLandscapeLeft UIInterfaceOrientationLandscapeRight";
				LD_RUNPATH_SEARCH_PATHS = (
					"$(inherited)",
					"@executable_path/Frameworks",
				);
				MARKETING_VERSION = 1.0;
				PRODUCT_BUNDLE_IDENTIFIER = com.emre.testCaseExample1;
				PRODUCT_NAME = "$(TARGET_NAME)";
				SWIFT_EMIT_LOC_STRINGS = YES;
				SWIFT_VERSION = 5.0;
				TARGETED_DEVICE_FAMILY = "1,2";
			};
			name = Release;
		};
/* End XCBuildConfiguration section */

/* Begin XCConfigurationList section */
		C3CB02C82B8B6A6300E99A2F /* Build configuration list for PBXProject "testCaseExample1" */ = {
			isa = XCConfigurationList;
			buildConfigurations = (
				C3CB02DF2B8B6A6400E99A2F /* Debug */,
				C3CB02E02B8B6A6400E99A2F /* Release */,
			);
			defaultConfigurationIsVisible = 0;
			defaultConfigurationName = Release;
		};
		C3CB02E12B8B6A6400E99A2F /* Build configuration list for PBXNativeTarget "testCaseExample1" */ = {
			isa = XCConfigurationList;
			buildConfigurations = (
				C3CB02E22B8B6A6400E99A2F /* Debug */,
				C3CB02E32B8B6A6400E99A2F /* Release */,
			);
			defaultConfigurationIsVisible = 0;
			defaultConfigurationName = Release;
		};
/* End XCConfigurationList section */

/* Begin XCRemoteSwiftPackageReference section */
		C3CB02EA2B8B6CD500E99A2F /* XCRemoteSwiftPackageReference "Alamofire" */ = {
			isa = XCRemoteSwiftPackageReference;
			repositoryURL = "https://github.com/Alamofire/Alamofire";
			requirement = {
				kind = upToNextMajorVersion;
				minimumVersion = 5.8.1;
			};
		};
/* End XCRemoteSwiftPackageReference section */

/* Begin XCSwiftPackageProductDependency section */
		C3CB02EB2B8B6CD500E99A2F /* Alamofire */ = {
			isa = XCSwiftPackageProductDependency;
			package = C3CB02EA2B8B6CD500E99A2F /* XCRemoteSwiftPackageReference "Alamofire" */;
			productName = Alamofire;
		};
/* End XCSwiftPackageProductDependency section */
	};
	rootObject = C3CB02C52B8B6A6300E99A2F /* Project object */;
}
